
Microsoft Visual Studio Solution File, Format Version 10.00
# Visual Studio 2008
Project("{FAE04EC0-301F-11D3-BF4B-00C04F79EFBC}") = "MovieOrganizer", "MovieOrganizer\MovieOrganizer.csproj", "{41FA2A6D-DC33-4951-B4C4-81A4ABF963F0}"
EndProject
Project("{FAE04EC0-301F-11D3-BF4B-00C04F79EFBC}") = "UnitTests", "UnitTests\UnitTests.csproj", "{EEEFFCB3-8FB3-4754-A0BE-15A53E72F78C}"
EndProject
Project("{2150E333-8FDC-42A3-9474-1A3956D46DE8}") = "Solution Items", "Solution Items", "{137E5A67-2277-4D3E-AD0A-2867BDD7B3A8}"
	ProjectSection(SolutionItems) = preProject
		LocalTestRun.testrunconfig = LocalTestRun.testrunconfig
		MovieOrganizer.vsmdi = MovieOrganizer.vsmdi
	EndProjectSection
EndProject
Project("{54435603-DBB4-11D2-8724-00A0C9A8B90C}") = "Setup", "Setup\Setup.vdproj", "{FF1C6532-9679-402F-80AC-BDC2C17E6049}"
EndProject
Global
	GlobalSection(SolutionConfigurationPlatforms) = preSolution
		Debug|Any CPU = Debug|Any CPU
		Release|Any CPU = Release|Any CPU
	EndGlobalSection
	GlobalSection(ProjectConfigurationPlatforms) = postSolution
		{41FA2A6D-DC33-4951-B4C4-81A4ABF963F0}.Debug|Any CPU.ActiveCfg = Debug|Any CPU
		{41FA2A6D-DC33-4951-B4C4-81A4ABF963F0}.Debug|Any CPU.Build.0 = Debug|Any CPU
		{41FA2A6D-DC33-4951-B4C4-81A4ABF963F0}.Release|Any CPU.ActiveCfg = Release|Any CPU
		{41FA2A6D-DC33-4951-B4C4-81A4ABF963F0}.Release|Any CPU.Build.0 = Release|Any CPU
		{EEEFFCB3-8FB3-4754-A0BE-15A53E72F78C}.Debug|Any CPU.ActiveCfg = Debug|Any CPU
		{EEEFFCB3-8FB3-4754-A0BE-15A53E72F78C}.Debug|Any CPU.Build.0 = Debug|Any CPU
		{EEEFFCB3-8FB3-4754-A0BE-15A53E72F78C}.Release|Any CPU.ActiveCfg = Release|Any CPU
		{EEEFFCB3-8FB3-4754-A0BE-15A53E72F78C}.Release|Any CPU.Build.0 = Release|Any CPU
		{FF1C6532-9679-402F-80AC-BDC2C17E6049}.Debug|Any CPU.ActiveCfg = Debug
		{FF1C6532-9679-402F-80AC-BDC2C17E6049}.Release|Any CPU.ActiveCfg = Release
	EndGlobalSection
	GlobalSection(SolutionProperties) = preSolution
		HideSolutionNode = FALSE
	EndGlobalSection
EndGlobal
